%{"cowboy": {:hex, :cowboy, "1.0.0"},
  "cowlib": {:hex, :cowlib, "1.0.1"},
  "exfink": {:git, "git://github.com/crashdumpio/fink-elixir.git", "1575fb1065f4ad757bf9f5cc255dd33260fed966", []},
  "fink": {:git, "git://github.com/crashdumpio/fink-erlang.git", "02d8f4ec46c396d3b926afa6ab2a976995522a0b", []},
  "jsx": {:git, "git://github.com/talentdeficit/jsx.git", "4d549dd8a990e282c3d57c5f73213674c05ebf07", [tag: "v2.1.1"]},
  "plug": {:git, "git://github.com/elixir-lang/plug.git", "70aca7097e56c6a8ea2577a3add556c2d33ca882", [tag: "v0.9.0"]},
  "ranch": {:hex, :ranch, "1.0.0"}}
