%{"cowboy": {:git, "git://github.com/extend/cowboy.git", "02b1b281785a815ff5b4c7bfc45053f0c786a18c", []},
  "cowlib": {:git, "git://github.com/ninenines/cowlib.git", "d544a494af4dbc810fc9c15eaf5cc050cced1501", [ref: "1.0.0"]},
  "dynamo": {:git, "git://github.com/dynamo/dynamo.git", "0e6d2eaf54959ba0b71bf36a9746a854a5133824", [tag: "elixir-0.13.1"]},
  "exfink": {:git, "git://github.com/crashdumpio/fink-elixir.git", "13efc7aeccf887c7508d6b867bf0a9c2bd7da398", []},
  "exjson": {:git, "git://github.com/guedes/exjson.git", "9d428acfa2b55d070576e71cef55e2e0bad8c5ab", []},
  "exlager": {:git, "git://github.com/khia/exlager.git", "dca404300b04d2ad8f42e9ecc6f4c757e169071f", []},
  "fink": {:git, "git://github.com/crashdumpio/fink-erlang.git", "02d8f4ec46c396d3b926afa6ab2a976995522a0b", []},
  "goldrush": {:git, "git://github.com/DeadZen/goldrush.git", "71e63212f12c25827e0c1b4198d37d5d018a7fec", [tag: "0.1.6"]},
  "jsx": {:git, "git://github.com/talentdeficit/jsx.git", "4d549dd8a990e282c3d57c5f73213674c05ebf07", [tag: "v2.1.1"]},
  "lager": {:git, "https://github.com/basho/lager.git", "e88c9160aee47d3fdfc6560fc281138c5df2ec62", []},
  "mime": {:git, "git://github.com/dynamo/mime.git", "a13f7b071fdc6146c162300c9ab5025f1c23e98b", []},
  "phoenix": {:git, "git://github.com/phoenixframework/phoenix.git", "3a1f596269d57026cb75c1be32e00e1ca85c23ab", [tag: "v0.7.2"]},
  "plug": {:hex, :plug, "0.9.0"},
  "poison": {:hex, :poison, "1.3.0"},
  "ranch": {:git, "git://github.com/ninenines/ranch.git", "adf1822defc2b7cfdc7aca112adabfa1d614043c", [ref: "1.0.0"]},
  "weber": {:git, "git://github.com/elixir-web/weber.git", "3132e10754b7ce8942b13eb08b34e55009592c6d", [tag: "v0.1.1"]},
  "weberContrib": {:git, "git://github.com/0xAX/weber-contrib.git", "2d64328195408a0d690c64f4d4b5055581cffe23", []}}
